
Microsoft Visual Studio Solution File, Format Version 12.00
# Visual Studio Version 17
VisualStudioVersion = 17.0.31903.59
MinimumVisualStudioVersion = 10.0.40219.1
Project("{FAE04EC0-301F-11D3-BF4B-00C04F79EFBC}") = "Proyecto_Area_Circulo", "Proyecto_Area_Circulo\Proyecto_Area_Circulo.csproj", "{17D6FDF4-15D0-4D25-84F9-8548B36247BD}"
EndProject
Project("{FAE04EC0-301F-11D3-BF4B-00C04F79EFBC}") = "Proyecto_Celsius_Farenheit", "Proyecto_Celsius_Farenheit\Proyecto_Celsius_Farenheit.csproj", "{B87ACE9A-EE83-480A-A2BF-00D93A302807}"
EndProject
Project("{FAE04EC0-301F-11D3-BF4B-00C04F79EFBC}") = "Proyecto_Numero_Aleatorio", "Proyecto_Numero_Aleatorio\Proyecto_Numero_Aleatorio.csproj", "{36F3A032-6571-466A-831A-476C274D3EF2}"
EndProject
Project("{FAE04EC0-301F-11D3-BF4B-00C04F79EFBC}") = "Proyecto_Numero_Primo", "Proyecto_Numero_Primo\Proyecto_Numero_Primo.csproj", "{1D57DAA8-9EDE-46CA-82A6-6601E90F7619}"
EndProject
Project("{FAE04EC0-301F-11D3-BF4B-00C04F79EFBC}") = "Proyecto_Devolver_Impar", "Proyecto_Devolver_Impar\Proyecto_Devolver_Impar.csproj", "{530E630B-969E-4961-942E-28F11FB1A5C6}"
EndProject
Global
	GlobalSection(SolutionConfigurationPlatforms) = preSolution
		Debug|Any CPU = Debug|Any CPU
		Release|Any CPU = Release|Any CPU
	EndGlobalSection
	GlobalSection(SolutionProperties) = preSolution
		HideSolutionNode = FALSE
	EndGlobalSection
	GlobalSection(ProjectConfigurationPlatforms) = postSolution
		{17D6FDF4-15D0-4D25-84F9-8548B36247BD}.Debug|Any CPU.ActiveCfg = Debug|Any CPU
		{17D6FDF4-15D0-4D25-84F9-8548B36247BD}.Debug|Any CPU.Build.0 = Debug|Any CPU
		{17D6FDF4-15D0-4D25-84F9-8548B36247BD}.Release|Any CPU.ActiveCfg = Release|Any CPU
		{17D6FDF4-15D0-4D25-84F9-8548B36247BD}.Release|Any CPU.Build.0 = Release|Any CPU
		{B87ACE9A-EE83-480A-A2BF-00D93A302807}.Debug|Any CPU.ActiveCfg = Debug|Any CPU
		{B87ACE9A-EE83-480A-A2BF-00D93A302807}.Debug|Any CPU.Build.0 = Debug|Any CPU
		{B87ACE9A-EE83-480A-A2BF-00D93A302807}.Release|Any CPU.ActiveCfg = Release|Any CPU
		{B87ACE9A-EE83-480A-A2BF-00D93A302807}.Release|Any CPU.Build.0 = Release|Any CPU
		{36F3A032-6571-466A-831A-476C274D3EF2}.Debug|Any CPU.ActiveCfg = Debug|Any CPU
		{36F3A032-6571-466A-831A-476C274D3EF2}.Debug|Any CPU.Build.0 = Debug|Any CPU
		{36F3A032-6571-466A-831A-476C274D3EF2}.Release|Any CPU.ActiveCfg = Release|Any CPU
		{36F3A032-6571-466A-831A-476C274D3EF2}.Release|Any CPU.Build.0 = Release|Any CPU
		{1D57DAA8-9EDE-46CA-82A6-6601E90F7619}.Debug|Any CPU.ActiveCfg = Debug|Any CPU
		{1D57DAA8-9EDE-46CA-82A6-6601E90F7619}.Debug|Any CPU.Build.0 = Debug|Any CPU
		{1D57DAA8-9EDE-46CA-82A6-6601E90F7619}.Release|Any CPU.ActiveCfg = Release|Any CPU
		{1D57DAA8-9EDE-46CA-82A6-6601E90F7619}.Release|Any CPU.Build.0 = Release|Any CPU
		{530E630B-969E-4961-942E-28F11FB1A5C6}.Debug|Any CPU.ActiveCfg = Debug|Any CPU
		{530E630B-969E-4961-942E-28F11FB1A5C6}.Debug|Any CPU.Build.0 = Debug|Any CPU
		{530E630B-969E-4961-942E-28F11FB1A5C6}.Release|Any CPU.ActiveCfg = Release|Any CPU
		{530E630B-969E-4961-942E-28F11FB1A5C6}.Release|Any CPU.Build.0 = Release|Any CPU
	EndGlobalSection
EndGlobal
